github.com/PuerkitoBio/goquery v1.8.0 h1:PJTF7AmFCFKk1N6V6jmKfrNH9tV5pNE6lZMkG0gta/U=
github.com/PuerkitoBio/goquery v1.8.0/go.mod h1:ypIiRMtY7COPGk+I/YbZLbxsxn9g5ejnI2HSMtkjZvI=
github.com/andybalholm/cascadia v1.3.1 h1:nhxRkql1kdYCc8Snf7D5/D3spOX+dBgjA6u8x004T2c=
github.com/andybalholm/cascadia v1.3.1/go.mod h1:R4bJ1UQfqADjvDa4P6HZHLh/3OxWWEqc0Sk8XGwHqvA=
github.com/aws/aws-sdk-go v1.44.256/go.mod h1:aVsgQcEevwlmQ7qHE9I3h+dtQgpqhFB+i8Phjh7fkwI=
github.com/aws/aws-sdk-go v1.51.1 h1:AFvTihcDPanvptoKS09a4yYmNtPm3+pXlk6uYHmZiFk=
github.com/aws/aws-sdk-go v1.51.1/go.mod h1:LF8svs817+Nz+DmiMQKTO3ubZ/6IaTpq3TjupRn3Eqk=
github.com/aws/aws-sdk-go-v2 v1.25.3 h1:xYiLpZTQs1mzvz5PaI6uR0Wh57ippuEthxS4iK5v0n0=
github.com/aws/aws-sdk-go-v2 v1.25.3/go.mod h1:35hUlJVYd+M++iLI3ALmVwMOyRYMmRqUXpTtRGW+K9I=
github.com/aws/aws-sdk-go-v2/aws/protocol/eventstream v1.6.1 h1:gTK2uhtAPtFcdRRJilZPx8uJLL2J85xK11nKtWL0wfU=
github.com/aws/aws-sdk-go-v2/aws/protocol/eventstream v1.6.1/go.mod h1:sxpLb+nZk7tIfCWChfd+h4QwHNUR57d8hA1cleTkjJo=
github.com/aws/aws-sdk-go-v2/config v1.27.7 h1:JSfb5nOQF01iOgxFI5OIKWwDiEXWTyTgg1Mm1mHi0A4=
github.com/aws/aws-sdk-go-v2/config v1.27.7/go.mod h1:PH0/cNpoMO+B04qET699o5W92Ca79fVtbUnvMIZro4I=
github.com/aws/aws-sdk-go-v2/credentials v1.17.7 h1:WJd+ubWKoBeRh7A5iNMnxEOs982SyVKOJD+K8HIezu4=
github.com/aws/aws-sdk-go-v2/credentials v1.17.7/go.mod h1:UQi7LMR0Vhvs+44w5ec8Q+VS+cd10cjwgHwiVkE0YGU=
github.com/aws/aws-sdk-go-v2/feature/ec2/imds v1.15.3 h1:p+y7FvkK2dxS+FEwRIDHDe//ZX+jDhP8HHE50ppj4iI=
github.com/aws/aws-sdk-go-v2/feature/ec2/imds v1.15.3/go.mod h1:/fYB+FZbDlwlAiynK9KDXlzZl3ANI9JkD0Uhz5FjNT4=
github.com/aws/aws-sdk-go-v2/internal/configsources v1.3.3 h1:ifbIbHZyGl1alsAhPIYsHOg5MuApgqOvVeI8wIugXfs=
github.com/aws/aws-sdk-go-v2/internal/configsources v1.3.3/go.mod h1:oQZXg3c6SNeY6OZrDY+xHcF4VGIEoNotX2B4PrDeoJI=
github.com/aws/aws-sdk-go-v2/internal/endpoints/v2 v2.6.3 h1:Qvodo9gHG9F3E8SfYOspPeBt0bjSbsevK8WhRAUHcoY=
github.com/aws/aws-sdk-go-v2/internal/endpoints/v2 v2.6.3/go.mod h1:vCKrdLXtybdf/uQd/YfVR2r5pcbNuEYKzMQpcxmeSJw=
github.com/aws/aws-sdk-go-v2/internal/ini v1.8.0 h1:hT8rVHwugYE2lEfdFE0QWVo81lF7jMrYJVDWI+f+VxU=
github.com/aws/aws-sdk-go-v2/internal/ini v1.8.0/go.mod h1:8tu/lYfQfFe6IGnaOdrpVgEL2IrrDOf6/m9RQum4NkY=
github.com/aws/aws-sdk-go-v2/internal/v4a v1.3.3 h1:mDnFOE2sVkyphMWtTH+stv0eW3k0OTx94K63xpxHty4=
github.com/aws/aws-sdk-go-v2/internal/v4a v1.3.3/go.mod h1:V8MuRVcCRt5h1S+Fwu8KbC7l/gBGo3yBAyUbJM2IJOk=
github.com/aws/aws-sdk-go-v2/service/internal/accept-encoding v1.11.1 h1:EyBZibRTVAs6ECHZOw5/wlylS9OcTzwyjeQMudmREjE=
github.com/aws/aws-sdk-go-v2/service/internal/accept-encoding v1.11.1/go.mod h1:JKpmtYhhPs7D97NL/ltqz7yCkERFW5dOlHyVl66ZYF8=
github.com/aws/aws-sdk-go-v2/service/internal/checksum v1.3.5 h1:mbWNpfRUTT6bnacmvOTKXZjR/HycibdWzNpfbrbLDIs=
github.com/aws/aws-sdk-go-v2/service/internal/checksum v1.3.5/go.mod h1:FCOPWGjsshkkICJIn9hq9xr6dLKtyaWpuUojiN3W1/8=
github.com/aws/aws-sdk-go-v2/service/internal/presigned-url v1.11.5 h1:K/NXvIftOlX+oGgWGIa3jDyYLDNsdVhsjHmsBH2GLAQ=
github.com/aws/aws-sdk-go-v2/service/internal/presigned-url v1.11.5/go.mod h1:cl9HGLV66EnCmMNzq4sYOti+/xo8w34CsgzVtm2GgsY=
github.com/aws/aws-sdk-go-v2/service/internal/s3shared v1.17.3 h1:4t+QEX7BsXz98W8W1lNvMAG+NX8qHz2CjLBxQKku40g=
github.com/aws/aws-sdk-go-v2/service/internal/s3shared v1.17.3/go.mod h1:oFcjjUq5Hm09N9rpxTdeMeLeQcxS7mIkBkL8qUKng+A=
github.com/aws/aws-sdk-go-v2/service/s3 v1.52.0 h1:k7gL76sSR0e2pLphjfmjD/+pDDtoOHvWp8ezpTsdyes=
github.com/aws/aws-sdk-go-v2/service/s3 v1.52.0/go.mod h1:MGTaf3x/+z7ZGugCGvepnx2DS6+caCYYqKhzVoLNYPk=
github.com/aws/aws-sdk-go-v2/service/sso v1.20.2 h1:XOPfar83RIRPEzfihnp+U6udOveKZJvPQ76SKWrLRHc=
github.com/aws/aws-sdk-go-v2/service/sso v1.20.2/go.mod h1:Vv9Xyk1KMHXrR3vNQe8W5LMFdTjSeWk0gBZBzvf3Qa0=
github.com/aws/aws-sdk-go-v2/service/ssooidc v1.23.2 h1:pi0Skl6mNl2w8qWZXcdOyg197Zsf4G97U7Sso9JXGZE=
github.com/aws/aws-sdk-go-v2/service/ssooidc v1.23.2/go.mod h1:JYzLoEVeLXk+L4tn1+rrkfhkxl6mLDEVaDSvGq9og90=
github.com/aws/aws-sdk-go-v2/service/sts v1.28.4 h1:Ppup1nVNAOWbBOrcoOxaxPeEnSFB2RnnQdguhXpmeQk=
github.com/aws/aws-sdk-go-v2/service/sts v1.28.4/go.mod h1:+K1rNPVyGxkRuv9NNiaZ4YhBFuyw2MMA9SlIJ1Zlpz8=
github.com/aws/smithy-go v1.20.1 h1:4SZlSlMr36UEqC7XOyRVb27XMeZubNcBNN+9IgEPIQw=
github.com/aws/smithy-go v1.20.1/go.mod h1:krry+ya/rV9RDcV/Q16kpu6ypI4K2czasz0NC3qS14E=
github.com/davecgh/go-spew v1.1.0/go.mod h1:J7Y8YcW2NihsgmVo/mv3lAwl/skON4iLHjSsI+c5H38=
github.com/davecgh/go-spew v1.1.1 h1:vj9j/u1bqnvCEfJOwUhtlOARqs3+rkHYY13jYWTU97c=
github.com/davecgh/go-spew v1.1.1/go.mod h1:J7Y8YcW2NihsgmVo/mv3lAwl/skON4iLHjSsI+c5H38=
github.com/google/gofuzz v1.0.0/go.mod h1:dBl0BpW6vV/+mYPU4Po3pmUjxk6FQPldtuIdl/M65Eg=
github.com/jaytaylor/html2text v0.0.0-20230321000545-74c2419ad056 h1:iCHtR9CQyktQ5+f3dMVZfwD2KWJUgm7M0gdL9NGr8KA=
github.com/jaytaylor/html2text v0.0.0-20230321000545-74c2419ad056/go.mod h1:CVKlgaMiht+LXvHG173ujK6JUhZXKb2u/BQtjPDIvyk=
github.com/jmespath/go-jmespath v0.4.0 h1:BEgLn5cpjn8UN1mAw4NjwDrS35OdebyEtFe+9YPoQUg=
github.com/jmespath/go-jmespath v0.4.0/go.mod h1:T8mJZnbsbmF+m6zOOFylbeCJqk5+pHWvzYPziyZiYoo=
github.com/jmespath/go-jmespath/internal/testify v1.5.1/go.mod h1:L3OGu8Wl2/fWfCI6z80xFu9LTZmf1ZRjMHUOPmWr69U=
github.com/johannesboyne/gofakes3 v0.0.0-20240117152127-f7e9c41d81b2 h1:SRQawDd/OlpwKoIFat2YdrRyRasD9PXYykWbgc46YAo=
github.com/johannesboyne/gofakes3 v0.0.0-20240117152127-f7e9c41d81b2/go.mod h1:AxgWC4DDX54O2WDoQO1Ceabtn6IbktjU/7bigor+66g=
github.com/json-iterator/go v1.1.12 h1:PV8peI4a0ysnczrg+LtxykD8LfKY9ML6u2jnxaEnrnM=
github.com/json-iterator/go v1.1.12/go.mod h1:e30LSqwooZae/UwlEbR2852Gd8hjQvJoHmT4TnhNGBo=
github.com/mattn/go-runewidth v0.0.9 h1:Lm995f3rfxdpd6TSmuVCHVb/QhupuXlYr8sCI/QdE+0=
github.com/mattn/go-runewidth v0.0.9/go.mod h1:H031xJmbD/WCDINGzjvQ9THkh0rPKHF+m2gUSrubnMI=
github.com/mmcdole/gofeed v1.2.1 h1:tPbFN+mfOLcM1kDF1x2c/N68ChbdBatkppdzf/vDe1s=
github.com/mmcdole/gofeed v1.2.1/go.mod h1:2wVInNpgmC85q16QTTuwbuKxtKkHLCDDtf0dCmnrNr4=
github.com/mmcdole/goxpp v1.1.0 h1:WwslZNF7KNAXTFuzRtn/OKZxFLJAAyOA9w82mDz2ZGI=
github.com/mmcdole/goxpp v1.1.0/go.mod h1:v+25+lT2ViuQ7mVxcncQ8ch1URund48oH+jhjiwEgS8=
github.com/modern-go/concurrent v0.0.0-20180228061459-e0a39a4cb421/go.mod h1:6dJC0mAP4ikYIbvyc7fijjWJddQyLn8Ig3JB5CqoB9Q=
github.com/modern-go/concurrent v0.0.0-20180306012644-bacd9c7ef1dd h1:TRLaZ9cD/w8PVh93nsPXa1VrQ6jlwL5oN8l14QlcNfg=
github.com/modern-go/concurrent v0.0.0-20180306012644-bacd9c7ef1dd/go.mod h1:6dJC0mAP4ikYIbvyc7fijjWJddQyLn8Ig3JB5CqoB9Q=
github.com/modern-go/reflect2 v1.0.2 h1:xBagoLtFs94CBntxluKeaWgTMpvLxC4ur3nMaC9Gz0M=
github.com/modern-go/reflect2 v1.0.2/go.mod h1:yWuevngMOJpCy52FWWMvUC8ws7m/LJsjYzDa0/r8luk=
github.com/olekukonko/tablewriter v0.0.5 h1:P2Ga83D34wi1o9J6Wh1mRuqd4mF/x/lgBS7N7AbDhec=
github.com/olekukonko/tablewriter v0.0.5/go.mod h1:hPp6KlRPjbx+hW8ykQs1w3UBbZlj6HuIJcUGPhkA7kY=
github.com/pkg/errors v0.9.1/go.mod h1:bwawxfHBFNV+L2hUp1rHADufV3IMtnDRdf1r5NINEl0=
github.com/pmezard/go-difflib v1.0.0 h1:4DBwDE0NGyQoBHbLQYPwSUPoCMWR5BEzIk/f1lZbAQM=
github.com/pmezard/go-difflib v1.0.0/go.mod h1:iKH77koFhYxTK1pcRnkKkqfTogsbg7gZNVY4sRDYZ/4=
github.com/ryszard/goskiplist v0.0.0-20150312221310-2dfbae5fcf46 h1:GHRpF1pTW19a8tTFrMLUcfWwyC0pnifVo2ClaLq+hP8=
github.com/ryszard/goskiplist v0.0.0-20150312221310-2dfbae5fcf46/go.mod h1:uAQ5PCi+MFsC7HjREoAz1BU+Mq60+05gifQSsHSDG/8=
github.com/shabbyrobe/gocovmerge v0.0.0-20190829150210-3e036491d500 h1:WnNuhiq+FOY3jNj6JXFT+eLN3CQ/oPIsDPRanvwsmbI=
github.com/shabbyrobe/gocovmerge v0.0.0-20190829150210-3e036491d500/go.mod h1:+njLrG5wSeoG4Ds61rFgEzKvenR2UHbjMoDHsczxly0=
github.com/spf13/afero v1.2.1/go.mod h1:9ZxEEn6pIJ8Rxe320qSDBk6AsU0r9pR7Q4OcevTdifk=
github.com/ssor/bom v0.0.0-20170718123548-6386211fdfcf h1:pvbZ0lM0XWPBqUKqFU8cmavspvIl9nulOYwdy6IFRRo=
github.com/ssor/bom v0.0.0-20170718123548-6386211fdfcf/go.mod h1:RJID2RhlZKId02nZ62WenDCkgHFerpIOmW0iT7GKmXM=
github.com/stretchr/objx v0.1.0/go.mod h1:HFkY916IF+rwdDfMAkV7OtwuqBVzrE8GR6GFx+wExME=
github.com/stretchr/testify v1.3.0/go.mod h1:M5WIy9Dh21IEIfnGCwXGc5bZfKNJtfHm1UVUgZn+9EI=
github.com/stretchr/testify v1.5.1/go.mod h1:5W2xD1RspED5o8YsWQXVCued0rvSQ+mT+I5cxcmMvtA=
github.com/stretchr/testify v1.8.4 h1:CcVxjf3Q8PM0mHUKJCdn+eZZtm5yQwehR5yeSVQQcUk=
github.com/stretchr/testify v1.8.4/go.mod h1:sz/lmYIOXD/1dqDmKjjqLyZ2RngseejIcXlSw2iwfAo=
github.com/yuin/goldmark v1.4.13/go.mod h1:6yULJ656Px+3vBD8DxQVa3kxgyrAnzto9xy5taEt/CY=
go.etcd.io/bbolt v1.3.5/go.mod h1:G5EMThwa9y8QZGBClrRx5EY+Yw9kAhnjy3bSjsnlVTQ=
golang.org/x/crypto v0.0.0-20190308221718-c2843e01d9a2/go.mod h1:djNgcEr1/C05ACkg1iLfiJU5Ep61QUkGW8qpdssI0+w=
golang.org/x/crypto v0.0.0-20210921155107-089bfa567519/go.mod h1:GvvjBRRGRdwPK5ydBHafDWAxML/pGHZbMvKqRZ5+Abc=
golang.org/x/mod v0.6.0-dev.0.20220419223038-86c51ed26bb4/go.mod h1:jJ57K6gSWd91VN4djpZkiMVwK6gcyfeH4XE8wZrZaV4=
golang.org/x/mod v0.8.0/go.mod h1:iBbtSCu2XBx23ZKBPSOrRkjjQPZFPuis4dIYUhu/chs=
golang.org/x/mod v0.10.0/go.mod h1:iBbtSCu2XBx23ZKBPSOrRkjjQPZFPuis4dIYUhu/chs=
golang.org/x/net v0.0.0-20190620200207-3b0461eec859/go.mod h1:z5CRVTTTmAJ677TzLLGU+0bjPO0LkuOLi4/5GtJWs/s=
golang.org/x/net v0.0.0-20210226172049-e18ecbb05110/go.mod h1:m0MpNAwzfU5UDzcl9v0D8zg8gWTRqZa9RBIspLL5mdg=
golang.org/x/net v0.0.0-20210916014120-12bc252f5db8/go.mod h1:9nx3DQGgdP8bBQD5qxJ1jj9UTztislL4KSBs9R2vV5Y=
golang.org/x/net v0.0.0-20220722155237-a158d28d115b/go.mod h1:XRhObCWvk6IyKnWLug+ECip1KBveYUHfp+8e9klMJ9c=
golang.org/x/net v0.1.0/go.mod h1:Cx3nUiGt4eDBEyega/BKRp+/AlGL8hYe7U9odMt2Cco=
golang.org/x/net v0.6.0/go.mod h1:2Tu9+aMcznHK/AK1HMvgo6xiTLG5rD5rZLDS+rp2Bjs=
golang.org/x/net v0.9.0/go.mod h1:d48xBJpPfHeWQsugry2m+kC02ZBRGRgulfHnEXEuWns=
golang.org/x/net v0.23.0 h1:7EYJ93RZ9vYSZAIb2x3lnuvqO5zneoD6IvWjuhfxjTs=
golang.org/x/net v0.23.0/go.mod h1:JKghWKKOSdJwpW2GEx0Ja7fmaKnMsbu+MWVZTokSYmg=
golang.org/x/sync v0.0.0-20190423024810-112230192c58/go.mod h1:RxMgew5VJxzue5/jJTE5uejpjVlOe/izrB70Jof72aM=
golang.org/x/sync v0.0.0-20220722155255-886fb9371eb4/go.mod h1:RxMgew5VJxzue5/jJTE5uejpjVlOe/izrB70Jof72aM=
golang.org/x/sync v0.1.0/go.mod h1:RxMgew5VJxzue5/jJTE5uejpjVlOe/izrB70Jof72aM=
golang.org/x/sys v0.0.0-20190215142949-d0b11bdaac8a/go.mod h1:STP8DvDyc/dI5b8T5hshtkjS+E42TnysNCUPdjciGhY=
golang.org/x/sys v0.0.0-20200202164722-d101bd2416d5/go.mod h1:h1NjWce9XRLGQEsW7wpKNCjG9DtNlClVuFLEZdDNbEs=
golang.org/x/sys v0.0.0-20201119102817-f84b799fce68/go.mod h1:h1NjWce9XRLGQEsW7wpKNCjG9DtNlClVuFLEZdDNbEs=
golang.org/x/sys v0.0.0-20210423082822-04245dca01da/go.mod h1:h1NjWce9XRLGQEsW7wpKNCjG9DtNlClVuFLEZdDNbEs=
golang.org/x/sys v0.0.0-20210615035016-665e8c7367d1/go.mod h1:oPkhp1MJrh7nUepCBck5+mAzfO9JrbApNNgaTdGDITg=
golang.org/x/sys v0.0.0-20220520151302-bc2c85ada10a/go.mod h1:oPkhp1MJrh7nUepCBck5+mAzfO9JrbApNNgaTdGDITg=
golang.org/x/sys v0.0.0-20220722155257-8c9f86f7a55f/go.mod h1:oPkhp1MJrh7nUepCBck5+mAzfO9JrbApNNgaTdGDITg=
golang.org/x/sys v0.1.0/go.mod h1:oPkhp1MJrh7nUepCBck5+mAzfO9JrbApNNgaTdGDITg=
golang.org/x/sys v0.5.0/go.mod h1:oPkhp1MJrh7nUepCBck5+mAzfO9JrbApNNgaTdGDITg=
golang.org/x/sys v0.7.0/go.mod h1:oPkhp1MJrh7nUepCBck5+mAzfO9JrbApNNgaTdGDITg=
golang.org/x/term v0.0.0-20201126162022-7de9c90e9dd1/go.mod h1:bj7SfCRtBDWHUb9snDiAeCFNEtKQo2Wmx5Cou7ajbmo=
golang.org/x/term v0.0.0-20210927222741-03fcf44c2211/go.mod h1:jbD1KX2456YbFQfuXm/mYQcufACuNUgVhRMnK/tPxf8=
golang.org/x/term v0.1.0/go.mod h1:jbD1KX2456YbFQfuXm/mYQcufACuNUgVhRMnK/tPxf8=
golang.org/x/term v0.5.0/go.mod h1:jMB1sMXY+tzblOD4FWmEbocvup2/aLOaQEp7JmGp78k=
golang.org/x/term v0.7.0/go.mod h1:P32HKFT3hSsZrRxla30E9HqToFYAQPCMs/zFMBUFqPY=
golang.org/x/text v0.3.0/go.mod h1:NqM8EUOU14njkJ3fqMW+pc6Ldnwhi/IjpwHt7yyuwOQ=
golang.org/x/text v0.3.3/go.mod h1:5Zoc/QRtKVWzQhOtBMvqHzDpF6irO9z98xDceosuGiQ=
golang.org/x/text v0.3.6/go.mod h1:5Zoc/QRtKVWzQhOtBMvqHzDpF6irO9z98xDceosuGiQ=
golang.org/x/text v0.3.7/go.mod h1:u+2+/6zg+i71rQMx5EYifcz6MCKuco9NR6JIITiCfzQ=
golang.org/x/text v0.4.0/go.mod h1:mrYo+phRRbMaCq/xk9113O4dZlRixOauAjOtrjsXDZ8=
golang.org/x/text v0.7.0/go.mod h1:mrYo+phRRbMaCq/xk9113O4dZlRixOauAjOtrjsXDZ8=
golang.org/x/text v0.9.0/go.mod h1:e1OnstbJyHTd6l/uOt8jFFHp6TRDWZR/bV3emEE/zU8=
golang.org/x/text v0.14.0 h1:ScX5w1eTa3QqT8oi6+ziP7dTV1S2+ALU0bI+0zXKWiQ=
golang.org/x/text v0.14.0/go.mod h1:18ZOQIKpY8NJVqYksKHtTdi31H5itFRjB5/qKTNYzSU=
golang.org/x/tools v0.0.0-20180917221912-90fa682c2a6e/go.mod h1:n7NCudcB/nEzxVGmLbDWY5pfWTLqBcC2KZ6jyYvM4mQ=
golang.org/x/tools v0.0.0-20190829051458-42f498d34c4d/go.mod h1:b+2E5dAYhXwXZwtnZ6UAqBI28+e2cm9otk0dWdXHAEo=
golang.org/x/tools v0.0.0-20191119224855-298f0cb1881e/go.mod h1:b+2E5dAYhXwXZwtnZ6UAqBI28+e2cm9otk0dWdXHAEo=
golang.org/x/tools v0.1.12/go.mod h1:hNGJHUnrk76NpqgfD5Aqm5Crs+Hm0VOH/i9J2+nxYbc=
golang.org/x/tools v0.6.0/go.mod h1:Xwgl3UAJ/d3gWutnCtw505GrjyAbvKui8lOU390QaIU=
golang.org/x/tools v0.8.0 h1:vSDcovVPld282ceKgDimkRSC8kpaH1dgyc9UMzlt84Y=
golang.org/x/tools v0.8.0/go.mod h1:JxBZ99ISMI5ViVkT1tr6tdNmXeTrcpVSD3vZ1RsRdN4=
golang.org/x/xerrors v0.0.0-20190717185122-a985d3407aa7/go.mod h1:I/5z698sn9Ka8TeJc9MKroUUfqBBauWjQqLJ2OPfmY0=
gopkg.in/check.v1 v0.0.0-20161208181325-20d25e280405/go.mod h1:Co6ibVJAznAaIkqp8huTwlJQCZ016jof/cbN4VW5Yz0=
gopkg.in/mgo.v2 v2.0.0-20180705113604-9856a29383ce/go.mod h1:yeKp02qBN3iKW1OzL3MGk2IdtZzaj7SFntXj72NppTA=
gopkg.in/yaml.v2 v2.2.2/go.mod h1:hI93XBmqTisBFMUTm0b8Fm+jr3Dg1NNxqwp+5A1VGuI=
gopkg.in/yaml.v2 v2.2.8/go.mod h1:hI93XBmqTisBFMUTm0b8Fm+jr3Dg1NNxqwp+5A1VGuI=
gopkg.in/yaml.v3 v3.0.1 h1:fxVm/GzAzEWqLHuvctI91KS9hhNmmWOoWu0XTYJS7CA=
gopkg.in/yaml.v3 v3.0.1/go.mod h1:K4uyk7z7BCEPqu6E+C64Yfv1cQ7kz7rIZviUmN+EgEM=
